// !$*UTF8*$!
{
	archiveVersion = 1;
	classes = {
	};
	objectVersion = 54;
	objects = {

/* Begin PBXBuildFile section */
		12FD97B2A442A279CC9B43FE /* PrivacyInfo.xcprivacy in Resources */ = {isa = PBXBuildFile; fileRef = EBA1CDC2681E15139C38180F /* PrivacyInfo.xcprivacy */; };
		13B07FBC1A68108700A75B9A /* AppDelegate.mm in Sources */ = {isa = PBXBuildFile; fileRef = 13B07FB01A68108700A75B9A /* AppDelegate.mm */; };
		13B07FBF1A68108700A75B9A /* Images.xcassets in Resources */ = {isa = PBXBuildFile; fileRef = 13B07FB51A68108700A75B9A /* Images.xcassets */; };
		13B07FC11A68108700A75B9A /* main.m in Sources */ = {isa = PBXBuildFile; fileRef = 13B07FB71A68108700A75B9A /* main.m */; };
		2754F5C619EE4F3499BC96CB /* quiet-boom.caf in Resources */ = {isa = PBXBuildFile; fileRef = 29B1B10C87F84BC5A963CDFE /* quiet-boom.caf */; };
		3E461D99554A48A4959DE609 /* SplashScreen.storyboard in Resources */ = {isa = PBXBuildFile; fileRef = AA286B85B6C04FC6940260E9 /* SplashScreen.storyboard */; };
		40B8EEF7B0444E96B09BBBC7 /* noop-file.swift in Sources */ = {isa = PBXBuildFile; fileRef = A4F3AB85BF0C449E93D12073 /* noop-file.swift */; };
		4ACD71D2BBEC48638069E955 /* calm-rain.caf in Resources */ = {isa = PBXBuildFile; fileRef = 62A7D23D28A343AEB535468E /* calm-rain.caf */; };
		5A58D40690764BC7B780F3AA /* waterfall.caf in Resources */ = {isa = PBXBuildFile; fileRef = AB71AA175AB544EEB2D1D0E3 /* waterfall.caf */; };
		5B0773957CCD442FB18139DD /* rain.caf in Resources */ = {isa = PBXBuildFile; fileRef = 07B9F98317C942DDA779807A /* rain.caf */; };
		5C4E5A13A13D4A1B932D68C4 /* space.caf in Resources */ = {isa = PBXBuildFile; fileRef = 983EB07A1B56467BA639A151 /* space.caf */; };
		5D46BDFDF43F49BDAACF6539 /* beach.caf in Resources */ = {isa = PBXBuildFile; fileRef = 3DA5F15D935F4D92A369A042 /* beach.caf */; };
		7915E0095D084731B42483CF /* pink-noise.caf in Resources */ = {isa = PBXBuildFile; fileRef = 90EFB3BFEF4641889E4F4AFD /* pink-noise.caf */; };
		81746E1AA27742A9994BAD89 /* completeword.caf in Resources */ = {isa = PBXBuildFile; fileRef = 9B991EBDDCFC4EDFBF1F61BF /* completeword.caf */; };
		88ED184076A142A0910A1E6D /* piano.caf in Resources */ = {isa = PBXBuildFile; fileRef = 97A669EA9248464BA1826B00 /* piano.caf */; };
		96905EF65AED1B983A6B3ABC /* libPods-BlissAlarm.a in Frameworks */ = {isa = PBXBuildFile; fileRef = 58EEBF8E8E6FB1BC6CAF49B5 /* libPods-BlissAlarm.a */; };
		A97BC69DC97D4B91BEE39A1B /* white-noise.caf in Resources */ = {isa = PBXBuildFile; fileRef = 99BD2482E7A1436AB92B130F /* white-noise.caf */; };
		AD51C2B934184F64BF54A61C /* thunder.caf in Resources */ = {isa = PBXBuildFile; fileRef = F942075DCE9245888C0B1A69 /* thunder.caf */; };
		B05D3F5AF4BF40568F8C5F05 /* tetris.caf in Resources */ = {isa = PBXBuildFile; fileRef = 91DC36C5ABBB41FFB9703DB7 /* tetris.caf */; };
		B18059E884C0ABDD17F3DC3D /* ExpoModulesProvider.swift in Sources */ = {isa = PBXBuildFile; fileRef = FAC715A2D49A985799AEE119 /* ExpoModulesProvider.swift */; };
		BB2F792D24A3F905000567C9 /* Expo.plist in Resources */ = {isa = PBXBuildFile; fileRef = BB2F792C24A3F905000567C9 /* Expo.plist */; };
		D05E2E919481468CA1F98AB4 /* forest.caf in Resources */ = {isa = PBXBuildFile; fileRef = E260FC58298541FC9560442A /* forest.caf */; };
		D2475B4CC6584F719B293947 /* achieve.caf in Resources */ = {isa = PBXBuildFile; fileRef = 7CA00F5B154E417288EB01F6 /* achieve.caf */; };
		DC07F55C2D8BB29E005F15FF /* ScreenTimeBridge.m in Sources */ = {isa = PBXBuildFile; fileRef = DC07F55A2D8BB29E005F15FF /* ScreenTimeBridge.m */; };
		DC07F55D2D8BB29E005F15FF /* ScreenTimeBridge.swift in Sources */ = {isa = PBXBuildFile; fileRef = DC07F55B2D8BB29E005F15FF /* ScreenTimeBridge.swift */; };
		DC07F5602D8BB363005F15FF /* FamilyControls.framework in Frameworks */ = {isa = PBXBuildFile; fileRef = DC07F55F2D8BB363005F15FF /* FamilyControls.framework */; };
		DC07F5612D8BB36D005F15FF /* ManagedSettings.framework in Frameworks */ = {isa = PBXBuildFile; fileRef = DC07F5582D8BB0F9005F15FF /* ManagedSettings.framework */; };
		DC07F5632D8BB373005F15FF /* DeviceActivity.framework in Frameworks */ = {isa = PBXBuildFile; fileRef = DC07F5622D8BB373005F15FF /* DeviceActivity.framework */; };
		DC1E2DB92DA4EE0F00D849F8 /* StoreKit.framework in Frameworks */ = {isa = PBXBuildFile; fileRef = DC1E2DB82DA4EE0E00D849F8 /* StoreKit.framework */; };
		DC55B0192D94C553004436B8 /* AlarmSound.m in Sources */ = {isa = PBXBuildFile; fileRef = DC55B0162D94C553004436B8 /* AlarmSound.m */; };
		DC55B01B2D94C6A7004436B8 /* AlarmSound.swift in Sources */ = {isa = PBXBuildFile; fileRef = DC55B01A2D94C6A7004436B8 /* AlarmSound.swift */; };
		DC55B01E2D9637FB004436B8 /* SystemVolumeControl.m in Sources */ = {isa = PBXBuildFile; fileRef = DC55B01C2D9637FB004436B8 /* SystemVolumeControl.m */; };
		DC55B01F2D9637FB004436B8 /* SystemVolumeControl.swift in Sources */ = {isa = PBXBuildFile; fileRef = DC55B01D2D9637FB004436B8 /* SystemVolumeControl.swift */; };
		DC55B0212D96385A004436B8 /* MediaPlayer.framework in Frameworks */ = {isa = PBXBuildFile; fileRef = DC55B0202D96385A004436B8 /* MediaPlayer.framework */; };
		DC942DF62DB60809005710B6 /* SleepNotificationModule.swift in Sources */ = {isa = PBXBuildFile; fileRef = DC942DF52DB60809005710B6 /* SleepNotificationModule.swift */; };
		DC942DF72DB60809005710B6 /* SleepNotificationModule.m in Sources */ = {isa = PBXBuildFile; fileRef = DC942DF42DB60809005710B6 /* SleepNotificationModule.m */; };
		DCACC2A42D8F7FC0004DD610 /* test.mp3 in Resources */ = {isa = PBXBuildFile; fileRef = DCACC2A32D8F7FC0004DD610 /* test.mp3 */; };
		DCACC2C72D8FCCE2004DD610 /* chimes.caf in Resources */ = {isa = PBXBuildFile; fileRef = DCACC2C22D8FCCE2004DD610 /* chimes.caf */; };
		DCACC2C82D8FCCE2004DD610 /* circuit.caf in Resources */ = {isa = PBXBuildFile; fileRef = DCACC2C32D8FCCE2004DD610 /* circuit.caf */; };
		DCACC2C92D8FCCE2004DD610 /* orkney.caf in Resources */ = {isa = PBXBuildFile; fileRef = DCACC2C42D8FCCE2004DD610 /* orkney.caf */; };
		DCACC2CA2D8FCCE2004DD610 /* beacon.caf in Resources */ = {isa = PBXBuildFile; fileRef = DCACC2C12D8FCCE2004DD610 /* beacon.caf */; };
		DCACC2CB2D8FCCE2004DD610 /* radar.caf in Resources */ = {isa = PBXBuildFile; fileRef = DCACC2C52D8FCCE2004DD610 /* radar.caf */; };
		DCACC2CC2D8FCCE2004DD610 /* reflection.caf in Resources */ = {isa = PBXBuildFile; fileRef = DCACC2C62D8FCCE2004DD610 /* reflection.caf */; };
		DCE529332DA1EA4500D735C6 /* ManagedSettingsUI.framework in Frameworks */ = {isa = PBXBuildFile; fileRef = DCE529322DA1EA4400D735C6 /* ManagedSettingsUI.framework */; };
		DCEDACFD2D8FD909002223D7 /* orkney.mp3 in Resources */ = {isa = PBXBuildFile; fileRef = DCEDACFA2D8FD909002223D7 /* orkney.mp3 */; };
		DCEDACFE2D8FD909002223D7 /* circuit.mp3 in Resources */ = {isa = PBXBuildFile; fileRef = DCEDACF92D8FD909002223D7 /* circuit.mp3 */; };
		DCEDACFF2D8FD909002223D7 /* reflection.mp3 in Resources */ = {isa = PBXBuildFile; fileRef = DCEDACFC2D8FD909002223D7 /* reflection.mp3 */; };
		DCEDAD012D8FD909002223D7 /* chimes.mp3 in Resources */ = {isa = PBXBuildFile; fileRef = DCEDACF82D8FD909002223D7 /* chimes.mp3 */; };
		DCEDAD022D8FD909002223D7 /* radar.mp3 in Resources */ = {isa = PBXBuildFile; fileRef = DCEDACFB2D8FD909002223D7 /* radar.mp3 */; };
		DCEDAD042D8FD92C002223D7 /* beacon.mp3 in Resources */ = {isa = PBXBuildFile; fileRef = DCEDAD032D8FD92C002223D7 /* beacon.mp3 */; };
		DECF121BAEFA49ABB7D489F0 /* frenchcomplete.caf in Resources */ = {isa = PBXBuildFile; fileRef = 43B53089B289409294F4A827 /* frenchcomplete.caf */; };
		E20474CA3D4B421799B33BA1 /* fire.caf in Resources */ = {isa = PBXBuildFile; fileRef = 65615C409B4040D48B566160 /* fire.caf */; };
		F4BAC288DA144819AB4212E6 /* slice.caf in Resources */ = {isa = PBXBuildFile; fileRef = 2AB49E9FDBF545ABB08D0F11 /* slice.caf */; };
		FFD19956989E4461BC207D1B /* mount.caf in Resources */ = {isa = PBXBuildFile; fileRef = F8A41AA70B8F4DB693C426B2 /* mount.caf */; };
/* End PBXBuildFile section */

/* Begin PBXCopyFilesBuildPhase section */
		DCD78E832DA30DFA005C3778 /* Embed Foundation Extensions */ = {
			isa = PBXCopyFilesBuildPhase;
			buildActionMask = 2147483647;
			dstPath = "";
			dstSubfolderSpec = 13;
			files = (
			);
			name = "Embed Foundation Extensions";
			runOnlyForDeploymentPostprocessing = 0;
		};
/* End PBXCopyFilesBuildPhase section */

/* Begin PBXFileReference section */
		07B9F98317C942DDA779807A /* rain.caf */ = {isa = PBXFileReference; explicitFileType = undefined; fileEncoding = 9; includeInIndex = 0; lastKnownFileType = unknown; name = rain.caf; path = BlissAlarm/rain.caf; sourceTree = "<group>"; };
		13B07F961A680F5B00A75B9A /* BlissAlarm.app */ = {isa = PBXFileReference; explicitFileType = wrapper.application; includeInIndex = 0; path = BlissAlarm.app; sourceTree = BUILT_PRODUCTS_DIR; };
		13B07FAF1A68108700A75B9A /* AppDelegate.h */ = {isa = PBXFileReference; fileEncoding = 4; lastKnownFileType = sourcecode.c.h; name = AppDelegate.h; path = BlissAlarm/AppDelegate.h; sourceTree = "<group>"; };
		13B07FB01A68108700A75B9A /* AppDelegate.mm */ = {isa = PBXFileReference; fileEncoding = 4; lastKnownFileType = sourcecode.cpp.objcpp; name = AppDelegate.mm; path = BlissAlarm/AppDelegate.mm; sourceTree = "<group>"; };
		13B07FB51A68108700A75B9A /* Images.xcassets */ = {isa = PBXFileReference; lastKnownFileType = folder.assetcatalog; name = Images.xcassets; path = BlissAlarm/Images.xcassets; sourceTree = "<group>"; };
		13B07FB61A68108700A75B9A /* Info.plist */ = {isa = PBXFileReference; fileEncoding = 4; lastKnownFileType = text.plist.xml; name = Info.plist; path = BlissAlarm/Info.plist; sourceTree = "<group>"; };
		13B07FB71A68108700A75B9A /* main.m */ = {isa = PBXFileReference; fileEncoding = 4; lastKnownFileType = sourcecode.c.objc; name = main.m; path = BlissAlarm/main.m; sourceTree = "<group>"; };
		29B1B10C87F84BC5A963CDFE /* quiet-boom.caf */ = {isa = PBXFileReference; explicitFileType = undefined; fileEncoding = 9; includeInIndex = 0; lastKnownFileType = unknown; name = "quiet-boom.caf"; path = "BlissAlarm/quiet-boom.caf"; sourceTree = "<group>"; };
		2AB49E9FDBF545ABB08D0F11 /* slice.caf */ = {isa = PBXFileReference; explicitFileType = undefined; fileEncoding = 9; includeInIndex = 0; lastKnownFileType = unknown; name = slice.caf; path = BlissAlarm/slice.caf; sourceTree = "<group>"; };
		3DA5F15D935F4D92A369A042 /* beach.caf */ = {isa = PBXFileReference; explicitFileType = undefined; fileEncoding = 9; includeInIndex = 0; lastKnownFileType = unknown; name = beach.caf; path = BlissAlarm/beach.caf; sourceTree = "<group>"; };
		43B53089B289409294F4A827 /* frenchcomplete.caf */ = {isa = PBXFileReference; explicitFileType = undefined; fileEncoding = 9; includeInIndex = 0; lastKnownFileType = unknown; name = frenchcomplete.caf; path = BlissAlarm/frenchcomplete.caf; sourceTree = "<group>"; };
		58EEBF8E8E6FB1BC6CAF49B5 /* libPods-BlissAlarm.a */ = {isa = PBXFileReference; explicitFileType = archive.ar; includeInIndex = 0; path = "libPods-BlissAlarm.a"; sourceTree = BUILT_PRODUCTS_DIR; };
		62A7D23D28A343AEB535468E /* calm-rain.caf */ = {isa = PBXFileReference; explicitFileType = undefined; fileEncoding = 9; includeInIndex = 0; lastKnownFileType = unknown; name = "calm-rain.caf"; path = "BlissAlarm/calm-rain.caf"; sourceTree = "<group>"; };
		65615C409B4040D48B566160 /* fire.caf */ = {isa = PBXFileReference; explicitFileType = undefined; fileEncoding = 9; includeInIndex = 0; lastKnownFileType = unknown; name = fire.caf; path = BlissAlarm/fire.caf; sourceTree = "<group>"; };
		6C2E3173556A471DD304B334 /* Pods-BlissAlarm.debug.xcconfig */ = {isa = PBXFileReference; includeInIndex = 1; lastKnownFileType = text.xcconfig; name = "Pods-BlissAlarm.debug.xcconfig"; path = "Target Support Files/Pods-BlissAlarm/Pods-BlissAlarm.debug.xcconfig"; sourceTree = "<group>"; };
		7A4D352CD337FB3A3BF06240 /* Pods-BlissAlarm.release.xcconfig */ = {isa = PBXFileReference; includeInIndex = 1; lastKnownFileType = text.xcconfig; name = "Pods-BlissAlarm.release.xcconfig"; path = "Target Support Files/Pods-BlissAlarm/Pods-BlissAlarm.release.xcconfig"; sourceTree = "<group>"; };
		7CA00F5B154E417288EB01F6 /* achieve.caf */ = {isa = PBXFileReference; explicitFileType = undefined; fileEncoding = 9; includeInIndex = 0; lastKnownFileType = unknown; name = achieve.caf; path = BlissAlarm/achieve.caf; sourceTree = "<group>"; };
		90EFB3BFEF4641889E4F4AFD /* pink-noise.caf */ = {isa = PBXFileReference; explicitFileType = undefined; fileEncoding = 9; includeInIndex = 0; lastKnownFileType = unknown; name = "pink-noise.caf"; path = "BlissAlarm/pink-noise.caf"; sourceTree = "<group>"; };
		91DC36C5ABBB41FFB9703DB7 /* tetris.caf */ = {isa = PBXFileReference; explicitFileType = undefined; fileEncoding = 9; includeInIndex = 0; lastKnownFileType = unknown; name = tetris.caf; path = BlissAlarm/tetris.caf; sourceTree = "<group>"; };
		97A669EA9248464BA1826B00 /* piano.caf */ = {isa = PBXFileReference; explicitFileType = undefined; fileEncoding = 9; includeInIndex = 0; lastKnownFileType = unknown; name = piano.caf; path = BlissAlarm/piano.caf; sourceTree = "<group>"; };
		983EB07A1B56467BA639A151 /* space.caf */ = {isa = PBXFileReference; explicitFileType = undefined; fileEncoding = 9; includeInIndex = 0; lastKnownFileType = unknown; name = space.caf; path = BlissAlarm/space.caf; sourceTree = "<group>"; };
		99BD2482E7A1436AB92B130F /* white-noise.caf */ = {isa = PBXFileReference; explicitFileType = undefined; fileEncoding = 9; includeInIndex = 0; lastKnownFileType = unknown; name = "white-noise.caf"; path = "BlissAlarm/white-noise.caf"; sourceTree = "<group>"; };
		9B991EBDDCFC4EDFBF1F61BF /* completeword.caf */ = {isa = PBXFileReference; explicitFileType = undefined; fileEncoding = 9; includeInIndex = 0; lastKnownFileType = unknown; name = completeword.caf; path = BlissAlarm/completeword.caf; sourceTree = "<group>"; };
		A4F3AB85BF0C449E93D12073 /* noop-file.swift */ = {isa = PBXFileReference; explicitFileType = undefined; fileEncoding = 4; includeInIndex = 0; lastKnownFileType = sourcecode.swift; name = "noop-file.swift"; path = "BlissAlarm/noop-file.swift"; sourceTree = "<group>"; };
		AA286B85B6C04FC6940260E9 /* SplashScreen.storyboard */ = {isa = PBXFileReference; fileEncoding = 4; lastKnownFileType = file.storyboard; name = SplashScreen.storyboard; path = BlissAlarm/SplashScreen.storyboard; sourceTree = "<group>"; };
		AB71AA175AB544EEB2D1D0E3 /* waterfall.caf */ = {isa = PBXFileReference; explicitFileType = undefined; fileEncoding = 9; includeInIndex = 0; lastKnownFileType = unknown; name = waterfall.caf; path = BlissAlarm/waterfall.caf; sourceTree = "<group>"; };
		BB2F792C24A3F905000567C9 /* Expo.plist */ = {isa = PBXFileReference; fileEncoding = 4; lastKnownFileType = text.plist.xml; path = Expo.plist; sourceTree = "<group>"; };
		BE7BBEAAA2D64C4EA6AC151F /* BlissAlarm-Bridging-Header.h */ = {isa = PBXFileReference; explicitFileType = undefined; fileEncoding = 4; includeInIndex = 0; lastKnownFileType = sourcecode.c.h; name = "BlissAlarm-Bridging-Header.h"; path = "BlissAlarm/BlissAlarm-Bridging-Header.h"; sourceTree = "<group>"; };
		DC07F5582D8BB0F9005F15FF /* ManagedSettings.framework */ = {isa = PBXFileReference; lastKnownFileType = wrapper.framework; name = ManagedSettings.framework; path = System/Library/Frameworks/ManagedSettings.framework; sourceTree = SDKROOT; };
		DC07F55A2D8BB29E005F15FF /* ScreenTimeBridge.m */ = {isa = PBXFileReference; lastKnownFileType = sourcecode.c.objc; path = ScreenTimeBridge.m; sourceTree = "<group>"; };
		DC07F55B2D8BB29E005F15FF /* ScreenTimeBridge.swift */ = {isa = PBXFileReference; lastKnownFileType = sourcecode.swift; path = ScreenTimeBridge.swift; sourceTree = "<group>"; };
		DC07F55E2D8BB2BF005F15FF /* BlissAlarm-Bridging-Header.h */ = {isa = PBXFileReference; lastKnownFileType = sourcecode.c.h; path = "BlissAlarm-Bridging-Header.h"; sourceTree = "<group>"; };
		DC07F55F2D8BB363005F15FF /* FamilyControls.framework */ = {isa = PBXFileReference; lastKnownFileType = wrapper.framework; name = FamilyControls.framework; path = System/Library/Frameworks/FamilyControls.framework; sourceTree = SDKROOT; };
		DC07F5622D8BB373005F15FF /* DeviceActivity.framework */ = {isa = PBXFileReference; lastKnownFileType = wrapper.framework; name = DeviceActivity.framework; path = System/Library/Frameworks/DeviceActivity.framework; sourceTree = SDKROOT; };
		DC1E2DB82DA4EE0E00D849F8 /* StoreKit.framework */ = {isa = PBXFileReference; lastKnownFileType = wrapper.framework; name = StoreKit.framework; path = System/Library/Frameworks/StoreKit.framework; sourceTree = SDKROOT; };
		DC55B0162D94C553004436B8 /* AlarmSound.m */ = {isa = PBXFileReference; lastKnownFileType = sourcecode.c.objc; path = AlarmSound.m; sourceTree = "<group>"; };
		DC55B01A2D94C6A7004436B8 /* AlarmSound.swift */ = {isa = PBXFileReference; lastKnownFileType = sourcecode.swift; path = AlarmSound.swift; sourceTree = "<group>"; };
		DC55B01C2D9637FB004436B8 /* SystemVolumeControl.m */ = {isa = PBXFileReference; lastKnownFileType = sourcecode.c.objc; path = SystemVolumeControl.m; sourceTree = "<group>"; };
		DC55B01D2D9637FB004436B8 /* SystemVolumeControl.swift */ = {isa = PBXFileReference; lastKnownFileType = sourcecode.swift; path = SystemVolumeControl.swift; sourceTree = "<group>"; };
		DC55B0202D96385A004436B8 /* MediaPlayer.framework */ = {isa = PBXFileReference; lastKnownFileType = wrapper.framework; name = MediaPlayer.framework; path = System/Library/Frameworks/MediaPlayer.framework; sourceTree = SDKROOT; };
		DC942DF42DB60809005710B6 /* SleepNotificationModule.m */ = {isa = PBXFileReference; lastKnownFileType = sourcecode.c.objc; path = SleepNotificationModule.m; sourceTree = "<group>"; };
		DC942DF52DB60809005710B6 /* SleepNotificationModule.swift */ = {isa = PBXFileReference; lastKnownFileType = sourcecode.swift; path = SleepNotificationModule.swift; sourceTree = "<group>"; };
		DCACC2A32D8F7FC0004DD610 /* test.mp3 */ = {isa = PBXFileReference; lastKnownFileType = audio.mp3; path = test.mp3; sourceTree = "<group>"; };
		DCACC2C12D8FCCE2004DD610 /* beacon.caf */ = {isa = PBXFileReference; lastKnownFileType = file; path = beacon.caf; sourceTree = "<group>"; };
		DCACC2C22D8FCCE2004DD610 /* chimes.caf */ = {isa = PBXFileReference; lastKnownFileType = file; path = chimes.caf; sourceTree = "<group>"; };
		DCACC2C32D8FCCE2004DD610 /* circuit.caf */ = {isa = PBXFileReference; lastKnownFileType = file; path = circuit.caf; sourceTree = "<group>"; };
		DCACC2C42D8FCCE2004DD610 /* orkney.caf */ = {isa = PBXFileReference; lastKnownFileType = file; path = orkney.caf; sourceTree = "<group>"; };
		DCACC2C52D8FCCE2004DD610 /* radar.caf */ = {isa = PBXFileReference; lastKnownFileType = file; path = radar.caf; sourceTree = "<group>"; };
		DCACC2C62D8FCCE2004DD610 /* reflection.caf */ = {isa = PBXFileReference; lastKnownFileType = file; path = reflection.caf; sourceTree = "<group>"; };
		DCE529322DA1EA4400D735C6 /* ManagedSettingsUI.framework */ = {isa = PBXFileReference; lastKnownFileType = wrapper.framework; name = ManagedSettingsUI.framework; path = System/Library/Frameworks/ManagedSettingsUI.framework; sourceTree = SDKROOT; };
		DCEDACF82D8FD909002223D7 /* chimes.mp3 */ = {isa = PBXFileReference; lastKnownFileType = audio.mp3; path = chimes.mp3; sourceTree = "<group>"; };
		DCEDACF92D8FD909002223D7 /* circuit.mp3 */ = {isa = PBXFileReference; lastKnownFileType = audio.mp3; path = circuit.mp3; sourceTree = "<group>"; };
		DCEDACFA2D8FD909002223D7 /* orkney.mp3 */ = {isa = PBXFileReference; lastKnownFileType = audio.mp3; path = orkney.mp3; sourceTree = "<group>"; };
		DCEDACFB2D8FD909002223D7 /* radar.mp3 */ = {isa = PBXFileReference; lastKnownFileType = audio.mp3; path = radar.mp3; sourceTree = "<group>"; };
		DCEDACFC2D8FD909002223D7 /* reflection.mp3 */ = {isa = PBXFileReference; lastKnownFileType = audio.mp3; path = reflection.mp3; sourceTree = "<group>"; };
		DCEDAD032D8FD92C002223D7 /* beacon.mp3 */ = {isa = PBXFileReference; lastKnownFileType = audio.mp3; path = beacon.mp3; sourceTree = "<group>"; };
		E260FC58298541FC9560442A /* forest.caf */ = {isa = PBXFileReference; explicitFileType = undefined; fileEncoding = 9; includeInIndex = 0; lastKnownFileType = unknown; name = forest.caf; path = BlissAlarm/forest.caf; sourceTree = "<group>"; };
		EBA1CDC2681E15139C38180F /* PrivacyInfo.xcprivacy */ = {isa = PBXFileReference; includeInIndex = 1; lastKnownFileType = text.xml; name = PrivacyInfo.xcprivacy; path = BlissAlarm/PrivacyInfo.xcprivacy; sourceTree = "<group>"; };
		ED297162215061F000B7C4FE /* JavaScriptCore.framework */ = {isa = PBXFileReference; lastKnownFileType = wrapper.framework; name = JavaScriptCore.framework; path = System/Library/Frameworks/JavaScriptCore.framework; sourceTree = SDKROOT; };
		F8A41AA70B8F4DB693C426B2 /* mount.caf */ = {isa = PBXFileReference; explicitFileType = undefined; fileEncoding = 9; includeInIndex = 0; lastKnownFileType = unknown; name = mount.caf; path = BlissAlarm/mount.caf; sourceTree = "<group>"; };
		F942075DCE9245888C0B1A69 /* thunder.caf */ = {isa = PBXFileReference; explicitFileType = undefined; fileEncoding = 9; includeInIndex = 0; lastKnownFileType = unknown; name = thunder.caf; path = BlissAlarm/thunder.caf; sourceTree = "<group>"; };
		FAC715A2D49A985799AEE119 /* ExpoModulesProvider.swift */ = {isa = PBXFileReference; includeInIndex = 1; lastKnownFileType = sourcecode.swift; name = ExpoModulesProvider.swift; path = "Pods/Target Support Files/Pods-BlissAlarm/ExpoModulesProvider.swift"; sourceTree = "<group>"; };
/* End PBXFileReference section */

/* Begin PBXFrameworksBuildPhase section */
		13B07F8C1A680F5B00A75B9A /* Frameworks */ = {
			isa = PBXFrameworksBuildPhase;
			buildActionMask = 2147483647;
			files = (
				DCE529332DA1EA4500D735C6 /* ManagedSettingsUI.framework in Frameworks */,
				DC1E2DB92DA4EE0F00D849F8 /* StoreKit.framework in Frameworks */,
				DC55B0212D96385A004436B8 /* MediaPlayer.framework in Frameworks */,
				DC07F5632D8BB373005F15FF /* DeviceActivity.framework in Frameworks */,
				DC07F5612D8BB36D005F15FF /* ManagedSettings.framework in Frameworks */,
				DC07F5602D8BB363005F15FF /* FamilyControls.framework in Frameworks */,
				96905EF65AED1B983A6B3ABC /* libPods-BlissAlarm.a in Frameworks */,
			);
			runOnlyForDeploymentPostprocessing = 0;
		};
/* End PBXFrameworksBuildPhase section */

/* Begin PBXGroup section */
		13B07FAE1A68108700A75B9A /* BlissAlarm */ = {
			isa = PBXGroup;
			children = (
				BB2F792B24A3F905000567C9 /* Supporting */,
				13B07FAF1A68108700A75B9A /* AppDelegate.h */,
				13B07FB01A68108700A75B9A /* AppDelegate.mm */,
				13B07FB51A68108700A75B9A /* Images.xcassets */,
				13B07FB61A68108700A75B9A /* Info.plist */,
				13B07FB71A68108700A75B9A /* main.m */,
				AA286B85B6C04FC6940260E9 /* SplashScreen.storyboard */,
				A4F3AB85BF0C449E93D12073 /* noop-file.swift */,
				BE7BBEAAA2D64C4EA6AC151F /* BlissAlarm-Bridging-Header.h */,
				DCACC2A32D8F7FC0004DD610 /* test.mp3 */,
				2AB49E9FDBF545ABB08D0F11 /* slice.caf */,
				DCACC2C12D8FCCE2004DD610 /* beacon.caf */,
				DCEDAD032D8FD92C002223D7 /* beacon.mp3 */,
				DCEDACF82D8FD909002223D7 /* chimes.mp3 */,
				DCEDACF92D8FD909002223D7 /* circuit.mp3 */,
				DCEDACFA2D8FD909002223D7 /* orkney.mp3 */,
				DCEDACFB2D8FD909002223D7 /* radar.mp3 */,
				DCEDACFC2D8FD909002223D7 /* reflection.mp3 */,
				DCACC2C22D8FCCE2004DD610 /* chimes.caf */,
				DCACC2C32D8FCCE2004DD610 /* circuit.caf */,
				DCACC2C42D8FCCE2004DD610 /* orkney.caf */,
				DCACC2C52D8FCCE2004DD610 /* radar.caf */,
				DCACC2C62D8FCCE2004DD610 /* reflection.caf */,
				29B1B10C87F84BC5A963CDFE /* quiet-boom.caf */,
				9B991EBDDCFC4EDFBF1F61BF /* completeword.caf */,
				91DC36C5ABBB41FFB9703DB7 /* tetris.caf */,
				43B53089B289409294F4A827 /* frenchcomplete.caf */,
				F8A41AA70B8F4DB693C426B2 /* mount.caf */,
				7CA00F5B154E417288EB01F6 /* achieve.caf */,
				3DA5F15D935F4D92A369A042 /* beach.caf */,
				62A7D23D28A343AEB535468E /* calm-rain.caf */,
				65615C409B4040D48B566160 /* fire.caf */,
				E260FC58298541FC9560442A /* forest.caf */,
				97A669EA9248464BA1826B00 /* piano.caf */,
				99BD2482E7A1436AB92B130F /* white-noise.caf */,
				90EFB3BFEF4641889E4F4AFD /* pink-noise.caf */,
				07B9F98317C942DDA779807A /* rain.caf */,
				983EB07A1B56467BA639A151 /* space.caf */,
				F942075DCE9245888C0B1A69 /* thunder.caf */,
				AB71AA175AB544EEB2D1D0E3 /* waterfall.caf */,
				EBA1CDC2681E15139C38180F /* PrivacyInfo.xcprivacy */,
			);
			name = BlissAlarm;
			sourceTree = "<group>";
		};
		2D16E6871FA4F8E400B85C8A /* Frameworks */ = {
			isa = PBXGroup;
			children = (
				DC1E2DB82DA4EE0E00D849F8 /* StoreKit.framework */,
				DCE529322DA1EA4400D735C6 /* ManagedSettingsUI.framework */,
				DC55B0202D96385A004436B8 /* MediaPlayer.framework */,
				DC07F5622D8BB373005F15FF /* DeviceActivity.framework */,
				DC07F55F2D8BB363005F15FF /* FamilyControls.framework */,
				DC07F5582D8BB0F9005F15FF /* ManagedSettings.framework */,
				ED297162215061F000B7C4FE /* JavaScriptCore.framework */,
				58EEBF8E8E6FB1BC6CAF49B5 /* libPods-BlissAlarm.a */,
			);
			name = Frameworks;
			sourceTree = "<group>";
		};
		832341AE1AAA6A7D00B99B32 /* Libraries */ = {
			isa = PBXGroup;
			children = (
			);
			name = Libraries;
			sourceTree = "<group>";
		};
		83CBB9F61A601CBA00E9B192 = {
			isa = PBXGroup;
			children = (
				DC942DF42DB60809005710B6 /* SleepNotificationModule.m */,
				DC942DF52DB60809005710B6 /* SleepNotificationModule.swift */,
				DC55B01A2D94C6A7004436B8 /* AlarmSound.swift */,
				DC55B0162D94C553004436B8 /* AlarmSound.m */,
				DC55B01C2D9637FB004436B8 /* SystemVolumeControl.m */,
				DC55B01D2D9637FB004436B8 /* SystemVolumeControl.swift */,
				DC07F55E2D8BB2BF005F15FF /* BlissAlarm-Bridging-Header.h */,
				DC07F55A2D8BB29E005F15FF /* ScreenTimeBridge.m */,
				DC07F55B2D8BB29E005F15FF /* ScreenTimeBridge.swift */,
				13B07FAE1A68108700A75B9A /* BlissAlarm */,
				832341AE1AAA6A7D00B99B32 /* Libraries */,
				83CBBA001A601CBA00E9B192 /* Products */,
				2D16E6871FA4F8E400B85C8A /* Frameworks */,
				D65327D7A22EEC0BE12398D9 /* Pods */,
				D7E4C46ADA2E9064B798F356 /* ExpoModulesProviders */,
			);
			indentWidth = 2;
			sourceTree = "<group>";
			tabWidth = 2;
			usesTabs = 0;
		};
		83CBBA001A601CBA00E9B192 /* Products */ = {
			isa = PBXGroup;
			children = (
				13B07F961A680F5B00A75B9A /* BlissAlarm.app */,
			);
			name = Products;
			sourceTree = "<group>";
		};
		92DBD88DE9BF7D494EA9DA96 /* BlissAlarm */ = {
			isa = PBXGroup;
			children = (
				FAC715A2D49A985799AEE119 /* ExpoModulesProvider.swift */,
			);
			name = BlissAlarm;
			sourceTree = "<group>";
		};
		BB2F792B24A3F905000567C9 /* Supporting */ = {
			isa = PBXGroup;
			children = (
				BB2F792C24A3F905000567C9 /* Expo.plist */,
			);
			name = Supporting;
			path = BlissAlarm/Supporting;
			sourceTree = "<group>";
		};
		D65327D7A22EEC0BE12398D9 /* Pods */ = {
			isa = PBXGroup;
			children = (
				6C2E3173556A471DD304B334 /* Pods-BlissAlarm.debug.xcconfig */,
				7A4D352CD337FB3A3BF06240 /* Pods-BlissAlarm.release.xcconfig */,
			);
			path = Pods;
			sourceTree = "<group>";
		};
		D7E4C46ADA2E9064B798F356 /* ExpoModulesProviders */ = {
			isa = PBXGroup;
			children = (
				92DBD88DE9BF7D494EA9DA96 /* BlissAlarm */,
			);
			name = ExpoModulesProviders;
			sourceTree = "<group>";
		};
/* End PBXGroup section */

/* Begin PBXNativeTarget section */
		13B07F861A680F5B00A75B9A /* BlissAlarm */ = {
			isa = PBXNativeTarget;
			buildConfigurationList = 13B07F931A680F5B00A75B9A /* Build configuration list for PBXNativeTarget "BlissAlarm" */;
			buildPhases = (
				08A4A3CD28434E44B6B9DE2E /* [CP] Check Pods Manifest.lock */,
				4E7B0184ACD119CA061A1317 /* [Expo] Configure project */,
				13B07F871A680F5B00A75B9A /* Sources */,
				13B07F8C1A680F5B00A75B9A /* Frameworks */,
				13B07F8E1A680F5B00A75B9A /* Resources */,
				00DD1BFF1BD5951E006B06BC /* Bundle React Native code and images */,
				800E24972A6A228C8D4807E9 /* [CP] Copy Pods Resources */,
				DF80CBC648226FA6FEC25EB8 /* [CP] Embed Pods Frameworks */,
				DCD78E832DA30DFA005C3778 /* Embed Foundation Extensions */,
			);
			buildRules = (
			);
			dependencies = (
			);
			name = BlissAlarm;
			productName = BlissAlarm;
			productReference = 13B07F961A680F5B00A75B9A /* BlissAlarm.app */;
			productType = "com.apple.product-type.application";
		};
/* End PBXNativeTarget section */

/* Begin PBXProject section */
		83CBB9F71A601CBA00E9B192 /* Project object */ = {
			isa = PBXProject;
			attributes = {
				LastSwiftUpdateCheck = 1620;
				LastUpgradeCheck = 1130;
				TargetAttributes = {
					13B07F861A680F5B00A75B9A = {
						DevelopmentTeam = 8L789T788W;
						LastSwiftMigration = 1250;
						ProvisioningStyle = Automatic;
					};
				};
			};
			buildConfigurationList = 83CBB9FA1A601CBA00E9B192 /* Build configuration list for PBXProject "BlissAlarm" */;
			compatibilityVersion = "Xcode 3.2";
			developmentRegion = en;
			hasScannedForEncodings = 0;
			knownRegions = (
				en,
				Base,
			);
			mainGroup = 83CBB9F61A601CBA00E9B192;
			productRefGroup = 83CBBA001A601CBA00E9B192 /* Products */;
			projectDirPath = "";
			projectRoot = "";
			targets = (
				13B07F861A680F5B00A75B9A /* BlissAlarm */,
			);
		};
/* End PBXProject section */

/* Begin PBXResourcesBuildPhase section */
		13B07F8E1A680F5B00A75B9A /* Resources */ = {
			isa = PBXResourcesBuildPhase;
			buildActionMask = 2147483647;
			files = (
				BB2F792D24A3F905000567C9 /* Expo.plist in Resources */,
				13B07FBF1A68108700A75B9A /* Images.xcassets in Resources */,
				3E461D99554A48A4959DE609 /* SplashScreen.storyboard in Resources */,
				F4BAC288DA144819AB4212E6 /* slice.caf in Resources */,
				2754F5C619EE4F3499BC96CB /* quiet-boom.caf in Resources */,
				DCEDACFD2D8FD909002223D7 /* orkney.mp3 in Resources */,
				DCEDACFE2D8FD909002223D7 /* circuit.mp3 in Resources */,
				DCEDACFF2D8FD909002223D7 /* reflection.mp3 in Resources */,
				DCEDAD012D8FD909002223D7 /* chimes.mp3 in Resources */,
				DCEDAD022D8FD909002223D7 /* radar.mp3 in Resources */,
				81746E1AA27742A9994BAD89 /* completeword.caf in Resources */,
				DCEDAD042D8FD92C002223D7 /* beacon.mp3 in Resources */,
				B05D3F5AF4BF40568F8C5F05 /* tetris.caf in Resources */,
				DECF121BAEFA49ABB7D489F0 /* frenchcomplete.caf in Resources */,
				FFD19956989E4461BC207D1B /* mount.caf in Resources */,
				DCACC2C72D8FCCE2004DD610 /* chimes.caf in Resources */,
				DCACC2C82D8FCCE2004DD610 /* circuit.caf in Resources */,
				DCACC2C92D8FCCE2004DD610 /* orkney.caf in Resources */,
				DCACC2CA2D8FCCE2004DD610 /* beacon.caf in Resources */,
				DCACC2CB2D8FCCE2004DD610 /* radar.caf in Resources */,
				DCACC2CC2D8FCCE2004DD610 /* reflection.caf in Resources */,
				D2475B4CC6584F719B293947 /* achieve.caf in Resources */,
				5D46BDFDF43F49BDAACF6539 /* beach.caf in Resources */,
				4ACD71D2BBEC48638069E955 /* calm-rain.caf in Resources */,
				E20474CA3D4B421799B33BA1 /* fire.caf in Resources */,
				D05E2E919481468CA1F98AB4 /* forest.caf in Resources */,
				88ED184076A142A0910A1E6D /* piano.caf in Resources */,
				A97BC69DC97D4B91BEE39A1B /* white-noise.caf in Resources */,
				7915E0095D084731B42483CF /* pink-noise.caf in Resources */,
				5B0773957CCD442FB18139DD /* rain.caf in Resources */,
				5C4E5A13A13D4A1B932D68C4 /* space.caf in Resources */,
				DCACC2A42D8F7FC0004DD610 /* test.mp3 in Resources */,
				AD51C2B934184F64BF54A61C /* thunder.caf in Resources */,
				5A58D40690764BC7B780F3AA /* waterfall.caf in Resources */,
				12FD97B2A442A279CC9B43FE /* PrivacyInfo.xcprivacy in Resources */,
			);
			runOnlyForDeploymentPostprocessing = 0;
		};
/* End PBXResourcesBuildPhase section */

/* Begin PBXShellScriptBuildPhase section */
		00DD1BFF1BD5951E006B06BC /* Bundle React Native code and images */ = {
			isa = PBXShellScriptBuildPhase;
			alwaysOutOfDate = 1;
			buildActionMask = 2147483647;
			files = (
			);
			inputPaths = (
			);
			name = "Bundle React Native code and images";
			outputPaths = (
			);
			runOnlyForDeploymentPostprocessing = 0;
			shellPath = /bin/sh;
			shellScript = "if [[ -f \"$PODS_ROOT/../.xcode.env\" ]]; then\n  source \"$PODS_ROOT/../.xcode.env\"\nfi\nif [[ -f \"$PODS_ROOT/../.xcode.env.local\" ]]; then\n  source \"$PODS_ROOT/../.xcode.env.local\"\nfi\n\n# The project root by default is one level up from the ios directory\nexport PROJECT_ROOT=\"$PROJECT_DIR\"/..\n\nif [[ \"$CONFIGURATION\" = *Debug* ]]; then\n  export SKIP_BUNDLING=1\nfi\nif [[ -z \"$ENTRY_FILE\" ]]; then\n  # Set the entry JS file using the bundler's entry resolution.\n  export ENTRY_FILE=\"$(\"$NODE_BINARY\" -e \"require('expo/scripts/resolveAppEntry')\" \"$PROJECT_ROOT\" ios absolute | tail -n 1)\"\nfi\n\nif [[ -z \"$CLI_PATH\" ]]; then\n  # Use Expo CLI\n  export CLI_PATH=\"$(\"$NODE_BINARY\" --print \"require.resolve('@expo/cli', { paths: [require.resolve('expo/package.json')] })\")\"\nfi\nif [[ -z \"$BUNDLE_COMMAND\" ]]; then\n  # Default Expo CLI command for bundling\n  export BUNDLE_COMMAND=\"export:embed\"\nfi\n\n# Source .xcode.env.updates if it exists to allow\n# SKIP_BUNDLING to be unset if needed\nif [[ -f \"$PODS_ROOT/../.xcode.env.updates\" ]]; then\n  source \"$PODS_ROOT/../.xcode.env.updates\"\nfi\n# Source local changes to allow overrides\n# if needed\nif [[ -f \"$PODS_ROOT/../.xcode.env.local\" ]]; then\n  source \"$PODS_ROOT/../.xcode.env.local\"\nfi\n\n`\"$NODE_BINARY\" --print \"require('path').dirname(require.resolve('react-native/package.json')) + '/scripts/react-native-xcode.sh'\"`\n\n";
		};
		08A4A3CD28434E44B6B9DE2E /* [CP] Check Pods Manifest.lock */ = {
			isa = PBXShellScriptBuildPhase;
			buildActionMask = 2147483647;
			files = (
			);
			inputFileListPaths = (
			);
			inputPaths = (
				"${PODS_PODFILE_DIR_PATH}/Podfile.lock",
				"${PODS_ROOT}/Manifest.lock",
			);
			name = "[CP] Check Pods Manifest.lock";
			outputFileListPaths = (
			);
			outputPaths = (
				"$(DERIVED_FILE_DIR)/Pods-BlissAlarm-checkManifestLockResult.txt",
			);
			runOnlyForDeploymentPostprocessing = 0;
			shellPath = /bin/sh;
			shellScript = "diff \"${PODS_PODFILE_DIR_PATH}/Podfile.lock\" \"${PODS_ROOT}/Manifest.lock\" > /dev/null\nif [ $? != 0 ] ; then\n    # print error to STDERR\n    echo \"error: The sandbox is not in sync with the Podfile.lock. Run 'pod install' or update your CocoaPods installation.\" >&2\n    exit 1\nfi\n# This output is used by Xcode 'outputs' to avoid re-running this script phase.\necho \"SUCCESS\" > \"${SCRIPT_OUTPUT_FILE_0}\"\n";
			showEnvVarsInLog = 0;
		};
		4E7B0184ACD119CA061A1317 /* [Expo] Configure project */ = {
			isa = PBXShellScriptBuildPhase;
			alwaysOutOfDate = 1;
			buildActionMask = 2147483647;
			files = (
			);
			inputFileListPaths = (
			);
			inputPaths = (
			);
			name = "[Expo] Configure project";
			outputFileListPaths = (
			);
			outputPaths = (
			);
			runOnlyForDeploymentPostprocessing = 0;
			shellPath = /bin/sh;
			shellScript = "# This script configures Expo modules and generates the modules provider file.\nbash -l -c \"./Pods/Target\\ Support\\ Files/Pods-BlissAlarm/expo-configure-project.sh\"\n";
		};
		800E24972A6A228C8D4807E9 /* [CP] Copy Pods Resources */ = {
			isa = PBXShellScriptBuildPhase;
			buildActionMask = 2147483647;
			files = (
			);
			inputPaths = (
				"${PODS_ROOT}/Target Support Files/Pods-BlissAlarm/Pods-BlissAlarm-resources.sh",
				"${PODS_CONFIGURATION_BUILD_DIR}/EXApplication/ExpoApplication_privacy.bundle",
				"${PODS_CONFIGURATION_BUILD_DIR}/EXConstants/EXConstants.bundle",
				"${PODS_CONFIGURATION_BUILD_DIR}/EXConstants/ExpoConstants_privacy.bundle",
				"${PODS_CONFIGURATION_BUILD_DIR}/EXNotifications/ExpoNotifications_privacy.bundle",
				"${PODS_CONFIGURATION_BUILD_DIR}/EXTaskManager/ExpoTaskManager_privacy.bundle",
				"${PODS_CONFIGURATION_BUILD_DIR}/ExpoFileSystem/ExpoFileSystem_privacy.bundle",
				"${PODS_CONFIGURATION_BUILD_DIR}/ExpoSystemUI/ExpoSystemUI_privacy.bundle",
				"${PODS_CONFIGURATION_BUILD_DIR}/RCT-Folly/RCT-Folly_privacy.bundle",
				"${PODS_CONFIGURATION_BUILD_DIR}/RNCAsyncStorage/RNCAsyncStorage_resources.bundle",
				"${PODS_CONFIGURATION_BUILD_DIR}/RNPermissions/RNPermissionsPrivacyInfo.bundle",
				"${PODS_CONFIGURATION_BUILD_DIR}/React-Core/React-Core_privacy.bundle",
				"${PODS_CONFIGURATION_BUILD_DIR}/React-cxxreact/React-cxxreact_privacy.bundle",
				"${PODS_CONFIGURATION_BUILD_DIR}/SDWebImage/SDWebImage.bundle",
				"${PODS_CONFIGURATION_BUILD_DIR}/boost/boost_privacy.bundle",
				"${PODS_CONFIGURATION_BUILD_DIR}/expo-dev-launcher/EXDevLauncher.bundle",
				"${PODS_CONFIGURATION_BUILD_DIR}/expo-dev-menu/EXDevMenu.bundle",
				"${PODS_CONFIGURATION_BUILD_DIR}/glog/glog_privacy.bundle",
				"${PODS_CONFIGURATION_BUILD_DIR}/lottie-ios/LottiePrivacyInfo.bundle",
				"${PODS_CONFIGURATION_BUILD_DIR}/lottie-react-native/Lottie_React_Native_Privacy.bundle",
			);
			name = "[CP] Copy Pods Resources";
			outputPaths = (
				"${TARGET_BUILD_DIR}/${UNLOCALIZED_RESOURCES_FOLDER_PATH}/ExpoApplication_privacy.bundle",
				"${TARGET_BUILD_DIR}/${UNLOCALIZED_RESOURCES_FOLDER_PATH}/EXConstants.bundle",
				"${TARGET_BUILD_DIR}/${UNLOCALIZED_RESOURCES_FOLDER_PATH}/ExpoConstants_privacy.bundle",
				"${TARGET_BUILD_DIR}/${UNLOCALIZED_RESOURCES_FOLDER_PATH}/ExpoNotifications_privacy.bundle",
				"${TARGET_BUILD_DIR}/${UNLOCALIZED_RESOURCES_FOLDER_PATH}/ExpoTaskManager_privacy.bundle",
				"${TARGET_BUILD_DIR}/${UNLOCALIZED_RESOURCES_FOLDER_PATH}/ExpoFileSystem_privacy.bundle",
				"${TARGET_BUILD_DIR}/${UNLOCALIZED_RESOURCES_FOLDER_PATH}/ExpoSystemUI_privacy.bundle",
				"${TARGET_BUILD_DIR}/${UNLOCALIZED_RESOURCES_FOLDER_PATH}/RCT-Folly_privacy.bundle",
				"${TARGET_BUILD_DIR}/${UNLOCALIZED_RESOURCES_FOLDER_PATH}/RNCAsyncStorage_resources.bundle",
				"${TARGET_BUILD_DIR}/${UNLOCALIZED_RESOURCES_FOLDER_PATH}/RNPermissionsPrivacyInfo.bundle",
				"${TARGET_BUILD_DIR}/${UNLOCALIZED_RESOURCES_FOLDER_PATH}/React-Core_privacy.bundle",
				"${TARGET_BUILD_DIR}/${UNLOCALIZED_RESOURCES_FOLDER_PATH}/React-cxxreact_privacy.bundle",
				"${TARGET_BUILD_DIR}/${UNLOCALIZED_RESOURCES_FOLDER_PATH}/SDWebImage.bundle",
				"${TARGET_BUILD_DIR}/${UNLOCALIZED_RESOURCES_FOLDER_PATH}/boost_privacy.bundle",
				"${TARGET_BUILD_DIR}/${UNLOCALIZED_RESOURCES_FOLDER_PATH}/EXDevLauncher.bundle",
				"${TARGET_BUILD_DIR}/${UNLOCALIZED_RESOURCES_FOLDER_PATH}/EXDevMenu.bundle",
				"${TARGET_BUILD_DIR}/${UNLOCALIZED_RESOURCES_FOLDER_PATH}/glog_privacy.bundle",
				"${TARGET_BUILD_DIR}/${UNLOCALIZED_RESOURCES_FOLDER_PATH}/LottiePrivacyInfo.bundle",
				"${TARGET_BUILD_DIR}/${UNLOCALIZED_RESOURCES_FOLDER_PATH}/Lottie_React_Native_Privacy.bundle",
			);
			runOnlyForDeploymentPostprocessing = 0;
			shellPath = /bin/sh;
			shellScript = "\"${PODS_ROOT}/Target Support Files/Pods-BlissAlarm/Pods-BlissAlarm-resources.sh\"\n";
			showEnvVarsInLog = 0;
		};
		DF80CBC648226FA6FEC25EB8 /* [CP] Embed Pods Frameworks */ = {
			isa = PBXShellScriptBuildPhase;
			buildActionMask = 2147483647;
			files = (
			);
			inputPaths = (
				"${PODS_ROOT}/Target Support Files/Pods-BlissAlarm/Pods-BlissAlarm-frameworks.sh",
				"${PODS_XCFRAMEWORKS_BUILD_DIR}/hermes-engine/Pre-built/hermes.framework/hermes",
			);
			name = "[CP] Embed Pods Frameworks";
			outputPaths = (
				"${TARGET_BUILD_DIR}/${FRAMEWORKS_FOLDER_PATH}/hermes.framework",
			);
			runOnlyForDeploymentPostprocessing = 0;
			shellPath = /bin/sh;
			shellScript = "\"${PODS_ROOT}/Target Support Files/Pods-BlissAlarm/Pods-BlissAlarm-frameworks.sh\"\n";
			showEnvVarsInLog = 0;
		};
/* End PBXShellScriptBuildPhase section */

/* Begin PBXSourcesBuildPhase section */
		13B07F871A680F5B00A75B9A /* Sources */ = {
			isa = PBXSourcesBuildPhase;
			buildActionMask = 2147483647;
			files = (
				DC07F55C2D8BB29E005F15FF /* ScreenTimeBridge.m in Sources */,
				DC07F55D2D8BB29E005F15FF /* ScreenTimeBridge.swift in Sources */,
				DC55B0192D94C553004436B8 /* AlarmSound.m in Sources */,
				DC55B01E2D9637FB004436B8 /* SystemVolumeControl.m in Sources */,
				DC55B01F2D9637FB004436B8 /* SystemVolumeControl.swift in Sources */,
				13B07FBC1A68108700A75B9A /* AppDelegate.mm in Sources */,
				13B07FC11A68108700A75B9A /* main.m in Sources */,
				DC942DF62DB60809005710B6 /* SleepNotificationModule.swift in Sources */,
				DC942DF72DB60809005710B6 /* SleepNotificationModule.m in Sources */,
				B18059E884C0ABDD17F3DC3D /* ExpoModulesProvider.swift in Sources */,
				DC55B01B2D94C6A7004436B8 /* AlarmSound.swift in Sources */,
				40B8EEF7B0444E96B09BBBC7 /* noop-file.swift in Sources */,
			);
			runOnlyForDeploymentPostprocessing = 0;
		};
/* End PBXSourcesBuildPhase section */

/* Begin XCBuildConfiguration section */
		13B07F941A680F5B00A75B9A /* Debug */ = {
			isa = XCBuildConfiguration;
			baseConfigurationReference = 6C2E3173556A471DD304B334 /* Pods-BlissAlarm.debug.xcconfig */;
			buildSettings = {
				ASSETCATALOG_COMPILER_APPICON_NAME = AppIcon;
				CLANG_ENABLE_MODULES = YES;
				CODE_SIGN_ENTITLEMENTS = BlissAlarm/BlissAlarm.entitlements;
				CODE_SIGN_IDENTITY = "Apple Development";
				CODE_SIGN_STYLE = Automatic;
				CURRENT_PROJECT_VERSION = 1;
				DEVELOPMENT_TEAM = 8L789T788W;
				ENABLE_BITCODE = NO;
				GCC_PREPROCESSOR_DEFINITIONS = (
					"$(inherited)",
					"FB_SONARKIT_ENABLED=1",
				);
				INFOPLIST_FILE = BlissAlarm/Info.plist;
				IPHONEOS_DEPLOYMENT_TARGET = 16.6;
				LD_RUNPATH_SEARCH_PATHS = (
					"$(inherited)",
					"@executable_path/Frameworks",
				);
				MARKETING_VERSION = 1.0;
				OTHER_LDFLAGS = (
					"$(inherited)",
					"-ObjC",
					"-lc++",
				);
				OTHER_SWIFT_FLAGS = "$(inherited) -D EXPO_CONFIGURATION_DEBUG";
				PRODUCT_BUNDLE_IDENTIFIER = com.yourusername.blissalarm;
				PRODUCT_NAME = BlissAlarm;
				PROVISIONING_PROFILE_SPECIFIER = "";
				SWIFT_OBJC_BRIDGING_HEADER = "BlissAlarm/BlissAlarm-Bridging-Header.h";
				SWIFT_OPTIMIZATION_LEVEL = "-Onone";
				SWIFT_VERSION = 5.0;
				TARGETED_DEVICE_FAMILY = "1,2";
				VERSIONING_SYSTEM = "apple-generic";
			};
			name = Debug;
		};
		13B07F951A680F5B00A75B9A /* Release */ = {
			isa = XCBuildConfiguration;
			baseConfigurationReference = 7A4D352CD337FB3A3BF06240 /* Pods-BlissAlarm.release.xcconfig */;
			buildSettings = {
				ASSETCATALOG_COMPILER_APPICON_NAME = AppIcon;
				CLANG_ENABLE_MODULES = YES;
				CODE_SIGN_ENTITLEMENTS = BlissAlarm/BlissAlarm.entitlements;
				CODE_SIGN_IDENTITY = "Apple Development";
				CODE_SIGN_STYLE = Automatic;
				CURRENT_PROJECT_VERSION = 1;
				DEVELOPMENT_TEAM = 8L789T788W;
				INFOPLIST_FILE = BlissAlarm/Info.plist;
				IPHONEOS_DEPLOYMENT_TARGET = 16.6;
				LD_RUNPATH_SEARCH_PATHS = (
					"$(inherited)",
					"@executable_path/Frameworks",
				);
				MARKETING_VERSION = 1.0;
				OTHER_LDFLAGS = (
					"$(inherited)",
					"-ObjC",
					"-lc++",
				);
				OTHER_SWIFT_FLAGS = "$(inherited) -D EXPO_CONFIGURATION_RELEASE";
				PRODUCT_BUNDLE_IDENTIFIER = com.yourusername.blissalarm;
				PRODUCT_NAME = BlissAlarm;
				PROVISIONING_PROFILE_SPECIFIER = "";
				SWIFT_OBJC_BRIDGING_HEADER = "BlissAlarm/BlissAlarm-Bridging-Header.h";
				SWIFT_VERSION = 5.0;
				TARGETED_DEVICE_FAMILY = "1,2";
				VERSIONING_SYSTEM = "apple-generic";
			};
			name = Release;
		};
		83CBBA201A601CBA00E9B192 /* Debug */ = {
			isa = XCBuildConfiguration;
			buildSettings = {
				ALWAYS_SEARCH_USER_PATHS = NO;
				CLANG_ANALYZER_LOCALIZABILITY_NONLOCALIZED = YES;
				CLANG_CXX_LANGUAGE_STANDARD = "c++20";
				CLANG_CXX_LIBRARY = "libc++";
				CLANG_ENABLE_MODULES = YES;
				CLANG_ENABLE_OBJC_ARC = YES;
				CLANG_WARN_BLOCK_CAPTURE_AUTORELEASING = YES;
				CLANG_WARN_BOOL_CONVERSION = YES;
				CLANG_WARN_COMMA = YES;
				CLANG_WARN_CONSTANT_CONVERSION = YES;
				CLANG_WARN_DEPRECATED_OBJC_IMPLEMENTATIONS = YES;
				CLANG_WARN_DIRECT_OBJC_ISA_USAGE = YES_ERROR;
				CLANG_WARN_EMPTY_BODY = YES;
				CLANG_WARN_ENUM_CONVERSION = YES;
				CLANG_WARN_INFINITE_RECURSION = YES;
				CLANG_WARN_INT_CONVERSION = YES;
				CLANG_WARN_NON_LITERAL_NULL_CONVERSION = YES;
				CLANG_WARN_OBJC_IMPLICIT_RETAIN_SELF = YES;
				CLANG_WARN_OBJC_LITERAL_CONVERSION = YES;
				CLANG_WARN_OBJC_ROOT_CLASS = YES_ERROR;
				CLANG_WARN_RANGE_LOOP_ANALYSIS = YES;
				CLANG_WARN_STRICT_PROTOTYPES = YES;
				CLANG_WARN_SUSPICIOUS_MOVE = YES;
				CLANG_WARN_UNREACHABLE_CODE = YES;
				CLANG_WARN__DUPLICATE_METHOD_MATCH = YES;
				"CODE_SIGN_IDENTITY[sdk=iphoneos*]" = "iPhone Developer";
				COPY_PHASE_STRIP = NO;
				ENABLE_STRICT_OBJC_MSGSEND = YES;
				ENABLE_TESTABILITY = YES;
				GCC_C_LANGUAGE_STANDARD = gnu99;
				GCC_DYNAMIC_NO_PIC = NO;
				GCC_NO_COMMON_BLOCKS = YES;
				GCC_OPTIMIZATION_LEVEL = 0;
				GCC_PREPROCESSOR_DEFINITIONS = (
					"DEBUG=1",
					"$(inherited)",
				);
				GCC_SYMBOLS_PRIVATE_EXTERN = NO;
				GCC_WARN_64_TO_32_BIT_CONVERSION = YES;
				GCC_WARN_ABOUT_RETURN_TYPE = YES_ERROR;
				GCC_WARN_UNDECLARED_SELECTOR = YES;
				GCC_WARN_UNINITIALIZED_AUTOS = YES_AGGRESSIVE;
				GCC_WARN_UNUSED_FUNCTION = YES;
				GCC_WARN_UNUSED_VARIABLE = YES;
				IPHONEOS_DEPLOYMENT_TARGET = 15.1;
				LD_RUNPATH_SEARCH_PATHS = (
					/usr/lib/swift,
					"$(inherited)",
				);
				LIBRARY_SEARCH_PATHS = "$(SDKROOT)/usr/lib/swift\"$(inherited)\"";
				MTL_ENABLE_DEBUG_INFO = YES;
				ONLY_ACTIVE_ARCH = YES;
				OTHER_LDFLAGS = (
					"$(inherited)",
					" ",
				);
				REACT_NATIVE_PATH = "${PODS_ROOT}/../../node_modules/react-native";
				SDKROOT = iphoneos;
				SWIFT_ACTIVE_COMPILATION_CONDITIONS = "$(inherited) DEBUG";
				USE_HERMES = true;
			};
			name = Debug;
		};
		83CBBA211A601CBA00E9B192 /* Release */ = {
			isa = XCBuildConfiguration;
			buildSettings = {
				ALWAYS_SEARCH_USER_PATHS = NO;
				CLANG_ANALYZER_LOCALIZABILITY_NONLOCALIZED = YES;
				CLANG_CXX_LANGUAGE_STANDARD = "c++20";
				CLANG_CXX_LIBRARY = "libc++";
				CLANG_ENABLE_MODULES = YES;
				CLANG_ENABLE_OBJC_ARC = YES;
				CLANG_WARN_BLOCK_CAPTURE_AUTORELEASING = YES;
				CLANG_WARN_BOOL_CONVERSION = YES;
				CLANG_WARN_COMMA = YES;
				CLANG_WARN_CONSTANT_CONVERSION = YES;
				CLANG_WARN_DEPRECATED_OBJC_IMPLEMENTATIONS = YES;
				CLANG_WARN_DIRECT_OBJC_ISA_USAGE = YES_ERROR;
				CLANG_WARN_EMPTY_BODY = YES;
				CLANG_WARN_ENUM_CONVERSION = YES;
				CLANG_WARN_INFINITE_RECURSION = YES;
				CLANG_WARN_INT_CONVERSION = YES;
				CLANG_WARN_NON_LITERAL_NULL_CONVERSION = YES;
				CLANG_WARN_OBJC_IMPLICIT_RETAIN_SELF = YES;
				CLANG_WARN_OBJC_LITERAL_CONVERSION = YES;
				CLANG_WARN_OBJC_ROOT_CLASS = YES_ERROR;
				CLANG_WARN_RANGE_LOOP_ANALYSIS = YES;
				CLANG_WARN_STRICT_PROTOTYPES = YES;
				CLANG_WARN_SUSPICIOUS_MOVE = YES;
				CLANG_WARN_UNREACHABLE_CODE = YES;
				CLANG_WARN__DUPLICATE_METHOD_MATCH = YES;
				"CODE_SIGN_IDENTITY[sdk=iphoneos*]" = "iPhone Developer";
				COPY_PHASE_STRIP = YES;
				ENABLE_NS_ASSERTIONS = NO;
				ENABLE_STRICT_OBJC_MSGSEND = YES;
				GCC_C_LANGUAGE_STANDARD = gnu99;
				GCC_NO_COMMON_BLOCKS = YES;
				GCC_WARN_64_TO_32_BIT_CONVERSION = YES;
				GCC_WARN_ABOUT_RETURN_TYPE = YES_ERROR;
				GCC_WARN_UNDECLARED_SELECTOR = YES;
				GCC_WARN_UNINITIALIZED_AUTOS = YES_AGGRESSIVE;
				GCC_WARN_UNUSED_FUNCTION = YES;
				GCC_WARN_UNUSED_VARIABLE = YES;
				IPHONEOS_DEPLOYMENT_TARGET = 15.1;
				LD_RUNPATH_SEARCH_PATHS = (
					/usr/lib/swift,
					"$(inherited)",
				);
				LIBRARY_SEARCH_PATHS = "$(SDKROOT)/usr/lib/swift\"$(inherited)\"";
				MTL_ENABLE_DEBUG_INFO = NO;
				OTHER_LDFLAGS = (
					"$(inherited)",
					" ",
				);
				REACT_NATIVE_PATH = "${PODS_ROOT}/../../node_modules/react-native";
				SDKROOT = iphoneos;
				USE_HERMES = true;
				VALIDATE_PRODUCT = YES;
			};
			name = Release;
		};
/* End XCBuildConfiguration section */

/* Begin XCConfigurationList section */
		13B07F931A680F5B00A75B9A /* Build configuration list for PBXNativeTarget "BlissAlarm" */ = {
			isa = XCConfigurationList;
			buildConfigurations = (
				13B07F941A680F5B00A75B9A /* Debug */,
				13B07F951A680F5B00A75B9A /* Release */,
			);
			defaultConfigurationIsVisible = 0;
			defaultConfigurationName = Release;
		};
		83CBB9FA1A601CBA00E9B192 /* Build configuration list for PBXProject "BlissAlarm" */ = {
			isa = XCConfigurationList;
			buildConfigurations = (
				83CBBA201A601CBA00E9B192 /* Debug */,
				83CBBA211A601CBA00E9B192 /* Release */,
			);
			defaultConfigurationIsVisible = 0;
			defaultConfigurationName = Release;
		};
/* End XCConfigurationList section */
	};
	rootObject = 83CBB9F71A601CBA00E9B192 /* Project object */;
}
